// !$*UTF8*$!
{
	archiveVersion = 1;
	classes = {
	};
	objectVersion = 56;
	objects = {

/* Begin PBXBuildFile section */
		F5405BDA2A96F347002FA0C9 /* RelNetApp.swift in Sources */ = {isa = PBXBuildFile; fileRef = F5405BD92A96F347002FA0C9 /* RelNetApp.swift */; };
		F5405BDE2A96F348002FA0C9 /* Assets.xcassets in Resources */ = {isa = PBXBuildFile; fileRef = F5405BDD2A96F348002FA0C9 /* Assets.xcassets */; };
		F5405BE12A96F348002FA0C9 /* Preview Assets.xcassets in Resources */ = {isa = PBXBuildFile; fileRef = F5405BE02A96F348002FA0C9 /* Preview Assets.xcassets */; };
		F5405BEB2A96F349002FA0C9 /* RelNetTests.swift in Sources */ = {isa = PBXBuildFile; fileRef = F5405BEA2A96F349002FA0C9 /* RelNetTests.swift */; };
		F5405BF52A96F349002FA0C9 /* RelNetUITests.swift in Sources */ = {isa = PBXBuildFile; fileRef = F5405BF42A96F349002FA0C9 /* RelNetUITests.swift */; };
		F5405BF72A96F349002FA0C9 /* RelNetUITestsLaunchTests.swift in Sources */ = {isa = PBXBuildFile; fileRef = F5405BF62A96F349002FA0C9 /* RelNetUITestsLaunchTests.swift */; };
		F5405C072A96FC38002FA0C9 /* FirebaseAnalytics in Frameworks */ = {isa = PBXBuildFile; productRef = F5405C062A96FC38002FA0C9 /* FirebaseAnalytics */; };
		F5405C092A96FC38002FA0C9 /* FirebaseAuth in Frameworks */ = {isa = PBXBuildFile; productRef = F5405C082A96FC38002FA0C9 /* FirebaseAuth */; };
		F5405C0B2A96FC38002FA0C9 /* FirebaseCrashlytics in Frameworks */ = {isa = PBXBuildFile; productRef = F5405C0A2A96FC38002FA0C9 /* FirebaseCrashlytics */; };
		F5405C0D2A96FC38002FA0C9 /* FirebaseFirestore in Frameworks */ = {isa = PBXBuildFile; productRef = F5405C0C2A96FC38002FA0C9 /* FirebaseFirestore */; };
		F5405C0F2A96FC38002FA0C9 /* FirebaseFirestoreSwift in Frameworks */ = {isa = PBXBuildFile; productRef = F5405C0E2A96FC38002FA0C9 /* FirebaseFirestoreSwift */; };
		F5405C112A96FCEA002FA0C9 /* GoogleService-Info.plist in Resources */ = {isa = PBXBuildFile; fileRef = F5405C102A96FCEA002FA0C9 /* GoogleService-Info.plist */; };
		F5405C142A96FD2C002FA0C9 /* AppDelegate.swift in Sources */ = {isa = PBXBuildFile; fileRef = F5405C132A96FD2C002FA0C9 /* AppDelegate.swift */; };
		F5405C162A9701F6002FA0C9 /* PersonClient.swift in Sources */ = {isa = PBXBuildFile; fileRef = F5405C152A9701F6002FA0C9 /* PersonClient.swift */; };
		F5405C192A970233002FA0C9 /* Person.swift in Sources */ = {isa = PBXBuildFile; fileRef = F5405C182A970233002FA0C9 /* Person.swift */; };
		F5405C1C2A9707C4002FA0C9 /* ComposableArchitecture in Frameworks */ = {isa = PBXBuildFile; productRef = F5405C1B2A9707C4002FA0C9 /* ComposableArchitecture */; };
		F5418A8A2A9AED2E00511A67 /* PersonForm.swift in Sources */ = {isa = PBXBuildFile; fileRef = F5418A892A9AED2E00511A67 /* PersonForm.swift */; };
		F5418A8D2A9AEE3900511A67 /* SwiftUINavigation in Frameworks */ = {isa = PBXBuildFile; productRef = F5418A8C2A9AEE3900511A67 /* SwiftUINavigation */; };
		F5418A902A9B759B00511A67 /* Binding.swift in Sources */ = {isa = PBXBuildFile; fileRef = F5418A8F2A9B759B00511A67 /* Binding.swift */; };
		F5418A922A9B93D500511A67 /* AppFeature.swift in Sources */ = {isa = PBXBuildFile; fileRef = F5418A912A9B93D500511A67 /* AppFeature.swift */; };
		F5418A942A9B98C300511A67 /* PersonDetail.swift in Sources */ = {isa = PBXBuildFile; fileRef = F5418A932A9B98C300511A67 /* PersonDetail.swift */; };
		F5DC3B8B2A9D6E30005528F9 /* Group.swift in Sources */ = {isa = PBXBuildFile; fileRef = F5DC3B8A2A9D6E30005528F9 /* Group.swift */; };
		F5DC3B8D2A9D7094005528F9 /* GroupForm.swift in Sources */ = {isa = PBXBuildFile; fileRef = F5DC3B8C2A9D7094005528F9 /* GroupForm.swift */; };
		F5DC3B8F2A9F8EB8005528F9 /* GroupDetail.swift in Sources */ = {isa = PBXBuildFile; fileRef = F5DC3B8E2A9F8EB8005528F9 /* GroupDetail.swift */; };
		F5DC3B992AA57F39005528F9 /* LoginView.swift in Sources */ = {isa = PBXBuildFile; fileRef = F5DC3B982AA57F39005528F9 /* LoginView.swift */; };
		F5DC3B9B2AA5865E005528F9 /* AuthenticationClient.swift in Sources */ = {isa = PBXBuildFile; fileRef = F5DC3B9A2AA5865E005528F9 /* AuthenticationClient.swift */; };
		F5DC3B9E2AA5EE92005528F9 /* MyPageView.swift in Sources */ = {isa = PBXBuildFile; fileRef = F5DC3B9D2AA5EE92005528F9 /* MyPageView.swift */; };
		F5DC3BA02AA5F68A005528F9 /* IconWithRoundedBackground.swift in Sources */ = {isa = PBXBuildFile; fileRef = F5DC3B9F2AA5F68A005528F9 /* IconWithRoundedBackground.swift */; };
		F5DC3BA22AA6110A005528F9 /* SafariView.swift in Sources */ = {isa = PBXBuildFile; fileRef = F5DC3BA12AA6110A005528F9 /* SafariView.swift */; };
		F5DC3BA42AA69401005528F9 /* AppVersion.swift in Sources */ = {isa = PBXBuildFile; fileRef = F5DC3BA32AA69401005528F9 /* AppVersion.swift */; };
		F5DC3BA72AA71894005528F9 /* GoogleSignIn in Frameworks */ = {isa = PBXBuildFile; productRef = F5DC3BA62AA71894005528F9 /* GoogleSignIn */; };
		F5DC3BA92AA71894005528F9 /* GoogleSignInSwift in Frameworks */ = {isa = PBXBuildFile; productRef = F5DC3BA82AA71894005528F9 /* GoogleSignInSwift */; };
		F5DC3BAC2AAAB5D4005528F9 /* FirestorePath.swift in Sources */ = {isa = PBXBuildFile; fileRef = F5DC3BAB2AAAB5D4005528F9 /* FirestorePath.swift */; };
		F5DC3BAF2AB1BE09005528F9 /* MainView.swift in Sources */ = {isa = PBXBuildFile; fileRef = F5DC3BAE2AB1BE09005528F9 /* MainView.swift */; };
/* End PBXBuildFile section */

/* Begin PBXContainerItemProxy section */
		F5405BE72A96F349002FA0C9 /* PBXContainerItemProxy */ = {
			isa = PBXContainerItemProxy;
			containerPortal = F5405BCE2A96F347002FA0C9 /* Project object */;
			proxyType = 1;
			remoteGlobalIDString = F5405BD52A96F347002FA0C9;
			remoteInfo = RelNet;
		};
		F5405BF12A96F349002FA0C9 /* PBXContainerItemProxy */ = {
			isa = PBXContainerItemProxy;
			containerPortal = F5405BCE2A96F347002FA0C9 /* Project object */;
			proxyType = 1;
			remoteGlobalIDString = F5405BD52A96F347002FA0C9;
			remoteInfo = RelNet;
		};
/* End PBXContainerItemProxy section */

/* Begin PBXFileReference section */
		F5405BD62A96F347002FA0C9 /* RelNet.app */ = {isa = PBXFileReference; explicitFileType = wrapper.application; includeInIndex = 0; path = RelNet.app; sourceTree = BUILT_PRODUCTS_DIR; };
		F5405BD92A96F347002FA0C9 /* RelNetApp.swift */ = {isa = PBXFileReference; lastKnownFileType = sourcecode.swift; path = RelNetApp.swift; sourceTree = "<group>"; };
		F5405BDD2A96F348002FA0C9 /* Assets.xcassets */ = {isa = PBXFileReference; lastKnownFileType = folder.assetcatalog; path = Assets.xcassets; sourceTree = "<group>"; };
		F5405BE02A96F348002FA0C9 /* Preview Assets.xcassets */ = {isa = PBXFileReference; lastKnownFileType = folder.assetcatalog; path = "Preview Assets.xcassets"; sourceTree = "<group>"; };
		F5405BE62A96F349002FA0C9 /* RelNetTests.xctest */ = {isa = PBXFileReference; explicitFileType = wrapper.cfbundle; includeInIndex = 0; path = RelNetTests.xctest; sourceTree = BUILT_PRODUCTS_DIR; };
		F5405BEA2A96F349002FA0C9 /* RelNetTests.swift */ = {isa = PBXFileReference; lastKnownFileType = sourcecode.swift; path = RelNetTests.swift; sourceTree = "<group>"; };
		F5405BF02A96F349002FA0C9 /* RelNetUITests.xctest */ = {isa = PBXFileReference; explicitFileType = wrapper.cfbundle; includeInIndex = 0; path = RelNetUITests.xctest; sourceTree = BUILT_PRODUCTS_DIR; };
		F5405BF42A96F349002FA0C9 /* RelNetUITests.swift */ = {isa = PBXFileReference; lastKnownFileType = sourcecode.swift; path = RelNetUITests.swift; sourceTree = "<group>"; };
		F5405BF62A96F349002FA0C9 /* RelNetUITestsLaunchTests.swift */ = {isa = PBXFileReference; lastKnownFileType = sourcecode.swift; path = RelNetUITestsLaunchTests.swift; sourceTree = "<group>"; };
		F5405C102A96FCEA002FA0C9 /* GoogleService-Info.plist */ = {isa = PBXFileReference; fileEncoding = 4; lastKnownFileType = text.plist.xml; path = "GoogleService-Info.plist"; sourceTree = "<group>"; };
		F5405C132A96FD2C002FA0C9 /* AppDelegate.swift */ = {isa = PBXFileReference; lastKnownFileType = sourcecode.swift; path = AppDelegate.swift; sourceTree = "<group>"; };
		F5405C152A9701F6002FA0C9 /* PersonClient.swift */ = {isa = PBXFileReference; lastKnownFileType = sourcecode.swift; path = PersonClient.swift; sourceTree = "<group>"; };
		F5405C182A970233002FA0C9 /* Person.swift */ = {isa = PBXFileReference; lastKnownFileType = sourcecode.swift; path = Person.swift; sourceTree = "<group>"; };
		F5418A892A9AED2E00511A67 /* PersonForm.swift */ = {isa = PBXFileReference; lastKnownFileType = sourcecode.swift; path = PersonForm.swift; sourceTree = "<group>"; };
		F5418A8F2A9B759B00511A67 /* Binding.swift */ = {isa = PBXFileReference; lastKnownFileType = sourcecode.swift; path = Binding.swift; sourceTree = "<group>"; };
		F5418A912A9B93D500511A67 /* AppFeature.swift */ = {isa = PBXFileReference; lastKnownFileType = sourcecode.swift; path = AppFeature.swift; sourceTree = "<group>"; };
		F5418A932A9B98C300511A67 /* PersonDetail.swift */ = {isa = PBXFileReference; lastKnownFileType = sourcecode.swift; path = PersonDetail.swift; sourceTree = "<group>"; };
		F5DC3B8A2A9D6E30005528F9 /* Group.swift */ = {isa = PBXFileReference; lastKnownFileType = sourcecode.swift; path = Group.swift; sourceTree = "<group>"; };
		F5DC3B8C2A9D7094005528F9 /* GroupForm.swift */ = {isa = PBXFileReference; lastKnownFileType = sourcecode.swift; path = GroupForm.swift; sourceTree = "<group>"; };
		F5DC3B8E2A9F8EB8005528F9 /* GroupDetail.swift */ = {isa = PBXFileReference; lastKnownFileType = sourcecode.swift; path = GroupDetail.swift; sourceTree = "<group>"; };
		F5DC3B982AA57F39005528F9 /* LoginView.swift */ = {isa = PBXFileReference; lastKnownFileType = sourcecode.swift; path = LoginView.swift; sourceTree = "<group>"; };
		F5DC3B9A2AA5865E005528F9 /* AuthenticationClient.swift */ = {isa = PBXFileReference; lastKnownFileType = sourcecode.swift; path = AuthenticationClient.swift; sourceTree = "<group>"; };
		F5DC3B9D2AA5EE92005528F9 /* MyPageView.swift */ = {isa = PBXFileReference; lastKnownFileType = sourcecode.swift; path = MyPageView.swift; sourceTree = "<group>"; };
		F5DC3B9F2AA5F68A005528F9 /* IconWithRoundedBackground.swift */ = {isa = PBXFileReference; lastKnownFileType = sourcecode.swift; path = IconWithRoundedBackground.swift; sourceTree = "<group>"; };
		F5DC3BA12AA6110A005528F9 /* SafariView.swift */ = {isa = PBXFileReference; lastKnownFileType = sourcecode.swift; path = SafariView.swift; sourceTree = "<group>"; };
		F5DC3BA32AA69401005528F9 /* AppVersion.swift */ = {isa = PBXFileReference; lastKnownFileType = sourcecode.swift; path = AppVersion.swift; sourceTree = "<group>"; };
		F5DC3BAA2AA7191A005528F9 /* Info.plist */ = {isa = PBXFileReference; lastKnownFileType = text.plist.xml; path = Info.plist; sourceTree = "<group>"; };
		F5DC3BAB2AAAB5D4005528F9 /* FirestorePath.swift */ = {isa = PBXFileReference; lastKnownFileType = sourcecode.swift; path = FirestorePath.swift; sourceTree = "<group>"; };
		F5DC3BAE2AB1BE09005528F9 /* MainView.swift */ = {isa = PBXFileReference; lastKnownFileType = sourcecode.swift; path = MainView.swift; sourceTree = "<group>"; };
/* End PBXFileReference section */

/* Begin PBXFrameworksBuildPhase section */
		F5405BD32A96F347002FA0C9 /* Frameworks */ = {
			isa = PBXFrameworksBuildPhase;
			buildActionMask = 2147483647;
			files = (
				F5DC3BA92AA71894005528F9 /* GoogleSignInSwift in Frameworks */,
				F5405C0F2A96FC38002FA0C9 /* FirebaseFirestoreSwift in Frameworks */,
				F5DC3BA72AA71894005528F9 /* GoogleSignIn in Frameworks */,
				F5405C0B2A96FC38002FA0C9 /* FirebaseCrashlytics in Frameworks */,
				F5405C1C2A9707C4002FA0C9 /* ComposableArchitecture in Frameworks */,
				F5405C0D2A96FC38002FA0C9 /* FirebaseFirestore in Frameworks */,
				F5405C072A96FC38002FA0C9 /* FirebaseAnalytics in Frameworks */,
				F5418A8D2A9AEE3900511A67 /* SwiftUINavigation in Frameworks */,
				F5405C092A96FC38002FA0C9 /* FirebaseAuth in Frameworks */,
			);
			runOnlyForDeploymentPostprocessing = 0;
		};
		F5405BE32A96F349002FA0C9 /* Frameworks */ = {
			isa = PBXFrameworksBuildPhase;
			buildActionMask = 2147483647;
			files = (
			);
			runOnlyForDeploymentPostprocessing = 0;
		};
		F5405BED2A96F349002FA0C9 /* Frameworks */ = {
			isa = PBXFrameworksBuildPhase;
			buildActionMask = 2147483647;
			files = (
			);
			runOnlyForDeploymentPostprocessing = 0;
		};
/* End PBXFrameworksBuildPhase section */

/* Begin PBXGroup section */
		F5405BCD2A96F347002FA0C9 = {
			isa = PBXGroup;
			children = (
				F5405BD82A96F347002FA0C9 /* RelNet */,
				F5405BE92A96F349002FA0C9 /* RelNetTests */,
				F5405BF32A96F349002FA0C9 /* RelNetUITests */,
				F5405BD72A96F347002FA0C9 /* Products */,
			);
			sourceTree = "<group>";
		};
		F5405BD72A96F347002FA0C9 /* Products */ = {
			isa = PBXGroup;
			children = (
				F5405BD62A96F347002FA0C9 /* RelNet.app */,
				F5405BE62A96F349002FA0C9 /* RelNetTests.xctest */,
				F5405BF02A96F349002FA0C9 /* RelNetUITests.xctest */,
			);
			name = Products;
			sourceTree = "<group>";
		};
		F5405BD82A96F347002FA0C9 /* RelNet */ = {
			isa = PBXGroup;
			children = (
				F5418A8E2A9B758E00511A67 /* Extensions */,
				F5418A882A973EAC00511A67 /* App */,
				F5405C042A96F579002FA0C9 /* Dependencies */,
				F5405C172A970223002FA0C9 /* Model */,
				F5DC3BAD2AB1BDC9005528F9 /* Main */,
				F5DC3B952AA57EBA005528F9 /* Person */,
				F5DC3B962AA57ED2005528F9 /* Group */,
				F5DC3B972AA57EE3005528F9 /* Login */,
				F5DC3B9C2AA5EE65005528F9 /* MyPage */,
				F5418A912A9B93D500511A67 /* AppFeature.swift */,
			);
			path = RelNet;
			sourceTree = "<group>";
		};
		F5405BDF2A96F348002FA0C9 /* Preview Content */ = {
			isa = PBXGroup;
			children = (
				F5405BE02A96F348002FA0C9 /* Preview Assets.xcassets */,
			);
			path = "Preview Content";
			sourceTree = "<group>";
		};
		F5405BE92A96F349002FA0C9 /* RelNetTests */ = {
			isa = PBXGroup;
			children = (
				F5405BEA2A96F349002FA0C9 /* RelNetTests.swift */,
			);
			path = RelNetTests;
			sourceTree = "<group>";
		};
		F5405BF32A96F349002FA0C9 /* RelNetUITests */ = {
			isa = PBXGroup;
			children = (
				F5405BF42A96F349002FA0C9 /* RelNetUITests.swift */,
				F5405BF62A96F349002FA0C9 /* RelNetUITestsLaunchTests.swift */,
			);
			path = RelNetUITests;
			sourceTree = "<group>";
		};
		F5405C042A96F579002FA0C9 /* Dependencies */ = {
			isa = PBXGroup;
			children = (
				F5405C152A9701F6002FA0C9 /* PersonClient.swift */,
				F5DC3B9A2AA5865E005528F9 /* AuthenticationClient.swift */,
				F5DC3BAB2AAAB5D4005528F9 /* FirestorePath.swift */,
			);
			path = Dependencies;
			sourceTree = "<group>";
		};
		F5405C172A970223002FA0C9 /* Model */ = {
			isa = PBXGroup;
			children = (
				F5405C182A970233002FA0C9 /* Person.swift */,
				F5DC3B8A2A9D6E30005528F9 /* Group.swift */,
				F5DC3BA32AA69401005528F9 /* AppVersion.swift */,
			);
			path = Model;
			sourceTree = "<group>";
		};
		F5418A882A973EAC00511A67 /* App */ = {
			isa = PBXGroup;
			children = (
				F5405C132A96FD2C002FA0C9 /* AppDelegate.swift */,
				F5405BD92A96F347002FA0C9 /* RelNetApp.swift */,
				F5405BDD2A96F348002FA0C9 /* Assets.xcassets */,
				F5DC3BAA2AA7191A005528F9 /* Info.plist */,
				F5405C102A96FCEA002FA0C9 /* GoogleService-Info.plist */,
				F5405BDF2A96F348002FA0C9 /* Preview Content */,
			);
			path = App;
			sourceTree = "<group>";
		};
		F5418A8E2A9B758E00511A67 /* Extensions */ = {
			isa = PBXGroup;
			children = (
				F5418A8F2A9B759B00511A67 /* Binding.swift */,
			);
			path = Extensions;
			sourceTree = "<group>";
		};
		F5DC3B952AA57EBA005528F9 /* Person */ = {
			isa = PBXGroup;
			children = (
				F5418A892A9AED2E00511A67 /* PersonForm.swift */,
				F5418A932A9B98C300511A67 /* PersonDetail.swift */,
			);
			path = Person;
			sourceTree = "<group>";
		};
		F5DC3B962AA57ED2005528F9 /* Group */ = {
			isa = PBXGroup;
			children = (
				F5DC3B8C2A9D7094005528F9 /* GroupForm.swift */,
				F5DC3B8E2A9F8EB8005528F9 /* GroupDetail.swift */,
			);
			path = Group;
			sourceTree = "<group>";
		};
		F5DC3B972AA57EE3005528F9 /* Login */ = {
			isa = PBXGroup;
			children = (
				F5DC3B982AA57F39005528F9 /* LoginView.swift */,
			);
			path = Login;
			sourceTree = "<group>";
		};
		F5DC3B9C2AA5EE65005528F9 /* MyPage */ = {
			isa = PBXGroup;
			children = (
				F5DC3B9D2AA5EE92005528F9 /* MyPageView.swift */,
				F5DC3B9F2AA5F68A005528F9 /* IconWithRoundedBackground.swift */,
				F5DC3BA12AA6110A005528F9 /* SafariView.swift */,
			);
			path = MyPage;
			sourceTree = "<group>";
		};
		F5DC3BAD2AB1BDC9005528F9 /* Main */ = {
			isa = PBXGroup;
			children = (
				F5DC3BAE2AB1BE09005528F9 /* MainView.swift */,
			);
			path = Main;
			sourceTree = "<group>";
		};
/* End PBXGroup section */

/* Begin PBXNativeTarget section */
		F5405BD52A96F347002FA0C9 /* RelNet */ = {
			isa = PBXNativeTarget;
			buildConfigurationList = F5405BFA2A96F349002FA0C9 /* Build configuration list for PBXNativeTarget "RelNet" */;
			buildPhases = (
				F5405BD22A96F347002FA0C9 /* Sources */,
				F5405BD32A96F347002FA0C9 /* Frameworks */,
				F5405BD42A96F347002FA0C9 /* Resources */,
			);
			buildRules = (
			);
			dependencies = (
			);
			name = RelNet;
			packageProductDependencies = (
				F5405C062A96FC38002FA0C9 /* FirebaseAnalytics */,
				F5405C082A96FC38002FA0C9 /* FirebaseAuth */,
				F5405C0A2A96FC38002FA0C9 /* FirebaseCrashlytics */,
				F5405C0C2A96FC38002FA0C9 /* FirebaseFirestore */,
				F5405C0E2A96FC38002FA0C9 /* FirebaseFirestoreSwift */,
				F5405C1B2A9707C4002FA0C9 /* ComposableArchitecture */,
				F5418A8C2A9AEE3900511A67 /* SwiftUINavigation */,
				F5DC3BA62AA71894005528F9 /* GoogleSignIn */,
				F5DC3BA82AA71894005528F9 /* GoogleSignInSwift */,
			);
			productName = RelNet;
			productReference = F5405BD62A96F347002FA0C9 /* RelNet.app */;
			productType = "com.apple.product-type.application";
		};
		F5405BE52A96F349002FA0C9 /* RelNetTests */ = {
			isa = PBXNativeTarget;
			buildConfigurationList = F5405BFD2A96F349002FA0C9 /* Build configuration list for PBXNativeTarget "RelNetTests" */;
			buildPhases = (
				F5405BE22A96F349002FA0C9 /* Sources */,
				F5405BE32A96F349002FA0C9 /* Frameworks */,
				F5405BE42A96F349002FA0C9 /* Resources */,
			);
			buildRules = (
			);
			dependencies = (
				F5405BE82A96F349002FA0C9 /* PBXTargetDependency */,
			);
			name = RelNetTests;
			productName = RelNetTests;
			productReference = F5405BE62A96F349002FA0C9 /* RelNetTests.xctest */;
			productType = "com.apple.product-type.bundle.unit-test";
		};
		F5405BEF2A96F349002FA0C9 /* RelNetUITests */ = {
			isa = PBXNativeTarget;
			buildConfigurationList = F5405C002A96F349002FA0C9 /* Build configuration list for PBXNativeTarget "RelNetUITests" */;
			buildPhases = (
				F5405BEC2A96F349002FA0C9 /* Sources */,
				F5405BED2A96F349002FA0C9 /* Frameworks */,
				F5405BEE2A96F349002FA0C9 /* Resources */,
			);
			buildRules = (
			);
			dependencies = (
				F5405BF22A96F349002FA0C9 /* PBXTargetDependency */,
			);
			name = RelNetUITests;
			productName = RelNetUITests;
			productReference = F5405BF02A96F349002FA0C9 /* RelNetUITests.xctest */;
			productType = "com.apple.product-type.bundle.ui-testing";
		};
/* End PBXNativeTarget section */

/* Begin PBXProject section */
		F5405BCE2A96F347002FA0C9 /* Project object */ = {
			isa = PBXProject;
			attributes = {
				BuildIndependentTargetsInParallel = 1;
				LastSwiftUpdateCheck = 1430;
				LastUpgradeCheck = 1430;
				TargetAttributes = {
					F5405BD52A96F347002FA0C9 = {
						CreatedOnToolsVersion = 14.3.1;
					};
					F5405BE52A96F349002FA0C9 = {
						CreatedOnToolsVersion = 14.3.1;
						TestTargetID = F5405BD52A96F347002FA0C9;
					};
					F5405BEF2A96F349002FA0C9 = {
						CreatedOnToolsVersion = 14.3.1;
						TestTargetID = F5405BD52A96F347002FA0C9;
					};
				};
			};
			buildConfigurationList = F5405BD12A96F347002FA0C9 /* Build configuration list for PBXProject "RelNet" */;
			compatibilityVersion = "Xcode 14.0";
			developmentRegion = en;
			hasScannedForEncodings = 0;
			knownRegions = (
				en,
				Base,
			);
			mainGroup = F5405BCD2A96F347002FA0C9;
			packageReferences = (
				F5405C052A96FC38002FA0C9 /* XCRemoteSwiftPackageReference "firebase-ios-sdk" */,
				F5405C1A2A9707C4002FA0C9 /* XCRemoteSwiftPackageReference "swift-composable-architecture" */,
				F5418A8B2A9AEE3900511A67 /* XCRemoteSwiftPackageReference "swiftui-navigation" */,
				F5DC3BA52AA71894005528F9 /* XCRemoteSwiftPackageReference "GoogleSignIn-iOS" */,
			);
			productRefGroup = F5405BD72A96F347002FA0C9 /* Products */;
			projectDirPath = "";
			projectRoot = "";
			targets = (
				F5405BD52A96F347002FA0C9 /* RelNet */,
				F5405BE52A96F349002FA0C9 /* RelNetTests */,
				F5405BEF2A96F349002FA0C9 /* RelNetUITests */,
			);
		};
/* End PBXProject section */

/* Begin PBXResourcesBuildPhase section */
		F5405BD42A96F347002FA0C9 /* Resources */ = {
			isa = PBXResourcesBuildPhase;
			buildActionMask = 2147483647;
			files = (
				F5405BE12A96F348002FA0C9 /* Preview Assets.xcassets in Resources */,
				F5405BDE2A96F348002FA0C9 /* Assets.xcassets in Resources */,
				F5405C112A96FCEA002FA0C9 /* GoogleService-Info.plist in Resources */,
			);
			runOnlyForDeploymentPostprocessing = 0;
		};
		F5405BE42A96F349002FA0C9 /* Resources */ = {
			isa = PBXResourcesBuildPhase;
			buildActionMask = 2147483647;
			files = (
			);
			runOnlyForDeploymentPostprocessing = 0;
		};
		F5405BEE2A96F349002FA0C9 /* Resources */ = {
			isa = PBXResourcesBuildPhase;
			buildActionMask = 2147483647;
			files = (
			);
			runOnlyForDeploymentPostprocessing = 0;
		};
/* End PBXResourcesBuildPhase section */

/* Begin PBXSourcesBuildPhase section */
		F5405BD22A96F347002FA0C9 /* Sources */ = {
			isa = PBXSourcesBuildPhase;
			buildActionMask = 2147483647;
			files = (
				F5DC3B8B2A9D6E30005528F9 /* Group.swift in Sources */,
				F5DC3BAF2AB1BE09005528F9 /* MainView.swift in Sources */,
				F5418A922A9B93D500511A67 /* AppFeature.swift in Sources */,
				F5418A8A2A9AED2E00511A67 /* PersonForm.swift in Sources */,
				F5405C192A970233002FA0C9 /* Person.swift in Sources */,
				F5418A942A9B98C300511A67 /* PersonDetail.swift in Sources */,
				F5DC3BA02AA5F68A005528F9 /* IconWithRoundedBackground.swift in Sources */,
				F5405C142A96FD2C002FA0C9 /* AppDelegate.swift in Sources */,
				F5418A902A9B759B00511A67 /* Binding.swift in Sources */,
				F5DC3B992AA57F39005528F9 /* LoginView.swift in Sources */,
				F5DC3BA22AA6110A005528F9 /* SafariView.swift in Sources */,
				F5DC3BA42AA69401005528F9 /* AppVersion.swift in Sources */,
				F5DC3B9E2AA5EE92005528F9 /* MyPageView.swift in Sources */,
				F5405BDA2A96F347002FA0C9 /* RelNetApp.swift in Sources */,
				F5DC3B9B2AA5865E005528F9 /* AuthenticationClient.swift in Sources */,
				F5405C162A9701F6002FA0C9 /* PersonClient.swift in Sources */,
				F5DC3B8D2A9D7094005528F9 /* GroupForm.swift in Sources */,
				F5DC3BAC2AAAB5D4005528F9 /* FirestorePath.swift in Sources */,
				F5DC3B8F2A9F8EB8005528F9 /* GroupDetail.swift in Sources */,
			);
			runOnlyForDeploymentPostprocessing = 0;
		};
		F5405BE22A96F349002FA0C9 /* Sources */ = {
			isa = PBXSourcesBuildPhase;
			buildActionMask = 2147483647;
			files = (
				F5405BEB2A96F349002FA0C9 /* RelNetTests.swift in Sources */,
			);
			runOnlyForDeploymentPostprocessing = 0;
		};
		F5405BEC2A96F349002FA0C9 /* Sources */ = {
			isa = PBXSourcesBuildPhase;
			buildActionMask = 2147483647;
			files = (
				F5405BF72A96F349002FA0C9 /* RelNetUITestsLaunchTests.swift in Sources */,
				F5405BF52A96F349002FA0C9 /* RelNetUITests.swift in Sources */,
			);
			runOnlyForDeploymentPostprocessing = 0;
		};
/* End PBXSourcesBuildPhase section */

/* Begin PBXTargetDependency section */
		F5405BE82A96F349002FA0C9 /* PBXTargetDependency */ = {
			isa = PBXTargetDependency;
			target = F5405BD52A96F347002FA0C9 /* RelNet */;
			targetProxy = F5405BE72A96F349002FA0C9 /* PBXContainerItemProxy */;
		};
		F5405BF22A96F349002FA0C9 /* PBXTargetDependency */ = {
			isa = PBXTargetDependency;
			target = F5405BD52A96F347002FA0C9 /* RelNet */;
			targetProxy = F5405BF12A96F349002FA0C9 /* PBXContainerItemProxy */;
		};
/* End PBXTargetDependency section */

/* Begin XCBuildConfiguration section */
		F5405BF82A96F349002FA0C9 /* Debug */ = {
			isa = XCBuildConfiguration;
			buildSettings = {
				ALWAYS_SEARCH_USER_PATHS = NO;
				CLANG_ANALYZER_NONNULL = YES;
				CLANG_ANALYZER_NUMBER_OBJECT_CONVERSION = YES_AGGRESSIVE;
				CLANG_CXX_LANGUAGE_STANDARD = "gnu++20";
				CLANG_ENABLE_MODULES = YES;
				CLANG_ENABLE_OBJC_ARC = YES;
				CLANG_ENABLE_OBJC_WEAK = YES;
				CLANG_WARN_BLOCK_CAPTURE_AUTORELEASING = YES;
				CLANG_WARN_BOOL_CONVERSION = YES;
				CLANG_WARN_COMMA = YES;
				CLANG_WARN_CONSTANT_CONVERSION = YES;
				CLANG_WARN_DEPRECATED_OBJC_IMPLEMENTATIONS = YES;
				CLANG_WARN_DIRECT_OBJC_ISA_USAGE = YES_ERROR;
				CLANG_WARN_DOCUMENTATION_COMMENTS = YES;
				CLANG_WARN_EMPTY_BODY = YES;
				CLANG_WARN_ENUM_CONVERSION = YES;
				CLANG_WARN_INFINITE_RECURSION = YES;
				CLANG_WARN_INT_CONVERSION = YES;
				CLANG_WARN_NON_LITERAL_NULL_CONVERSION = YES;
				CLANG_WARN_OBJC_IMPLICIT_RETAIN_SELF = YES;
				CLANG_WARN_OBJC_LITERAL_CONVERSION = YES;
				CLANG_WARN_OBJC_ROOT_CLASS = YES_ERROR;
				CLANG_WARN_QUOTED_INCLUDE_IN_FRAMEWORK_HEADER = YES;
				CLANG_WARN_RANGE_LOOP_ANALYSIS = YES;
				CLANG_WARN_STRICT_PROTOTYPES = YES;
				CLANG_WARN_SUSPICIOUS_MOVE = YES;
				CLANG_WARN_UNGUARDED_AVAILABILITY = YES_AGGRESSIVE;
				CLANG_WARN_UNREACHABLE_CODE = YES;
				CLANG_WARN__DUPLICATE_METHOD_MATCH = YES;
				COPY_PHASE_STRIP = NO;
				DEBUG_INFORMATION_FORMAT = dwarf;
				ENABLE_STRICT_OBJC_MSGSEND = YES;
				ENABLE_TESTABILITY = YES;
				GCC_C_LANGUAGE_STANDARD = gnu11;
				GCC_DYNAMIC_NO_PIC = NO;
				GCC_NO_COMMON_BLOCKS = YES;
				GCC_OPTIMIZATION_LEVEL = 0;
				GCC_PREPROCESSOR_DEFINITIONS = (
					"DEBUG=1",
					"$(inherited)",
				);
				GCC_WARN_64_TO_32_BIT_CONVERSION = YES;
				GCC_WARN_ABOUT_RETURN_TYPE = YES_ERROR;
				GCC_WARN_UNDECLARED_SELECTOR = YES;
				GCC_WARN_UNINITIALIZED_AUTOS = YES_AGGRESSIVE;
				GCC_WARN_UNUSED_FUNCTION = YES;
				GCC_WARN_UNUSED_VARIABLE = YES;
				IPHONEOS_DEPLOYMENT_TARGET = 16.4;
				MTL_ENABLE_DEBUG_INFO = INCLUDE_SOURCE;
				MTL_FAST_MATH = YES;
				ONLY_ACTIVE_ARCH = YES;
				SDKROOT = iphoneos;
				SWIFT_ACTIVE_COMPILATION_CONDITIONS = DEBUG;
				SWIFT_OPTIMIZATION_LEVEL = "-Onone";
				SWIFT_STRICT_CONCURRENCY = minimal;
			};
			name = Debug;
		};
		F5405BF92A96F349002FA0C9 /* Release */ = {
			isa = XCBuildConfiguration;
			buildSettings = {
				ALWAYS_SEARCH_USER_PATHS = NO;
				CLANG_ANALYZER_NONNULL = YES;
				CLANG_ANALYZER_NUMBER_OBJECT_CONVERSION = YES_AGGRESSIVE;
				CLANG_CXX_LANGUAGE_STANDARD = "gnu++20";
				CLANG_ENABLE_MODULES = YES;
				CLANG_ENABLE_OBJC_ARC = YES;
				CLANG_ENABLE_OBJC_WEAK = YES;
				CLANG_WARN_BLOCK_CAPTURE_AUTORELEASING = YES;
				CLANG_WARN_BOOL_CONVERSION = YES;
				CLANG_WARN_COMMA = YES;
				CLANG_WARN_CONSTANT_CONVERSION = YES;
				CLANG_WARN_DEPRECATED_OBJC_IMPLEMENTATIONS = YES;
				CLANG_WARN_DIRECT_OBJC_ISA_USAGE = YES_ERROR;
				CLANG_WARN_DOCUMENTATION_COMMENTS = YES;
				CLANG_WARN_EMPTY_BODY = YES;
				CLANG_WARN_ENUM_CONVERSION = YES;
				CLANG_WARN_INFINITE_RECURSION = YES;
				CLANG_WARN_INT_CONVERSION = YES;
				CLANG_WARN_NON_LITERAL_NULL_CONVERSION = YES;
				CLANG_WARN_OBJC_IMPLICIT_RETAIN_SELF = YES;
				CLANG_WARN_OBJC_LITERAL_CONVERSION = YES;
				CLANG_WARN_OBJC_ROOT_CLASS = YES_ERROR;
				CLANG_WARN_QUOTED_INCLUDE_IN_FRAMEWORK_HEADER = YES;
				CLANG_WARN_RANGE_LOOP_ANALYSIS = YES;
				CLANG_WARN_STRICT_PROTOTYPES = YES;
				CLANG_WARN_SUSPICIOUS_MOVE = YES;
				CLANG_WARN_UNGUARDED_AVAILABILITY = YES_AGGRESSIVE;
				CLANG_WARN_UNREACHABLE_CODE = YES;
				CLANG_WARN__DUPLICATE_METHOD_MATCH = YES;
				COPY_PHASE_STRIP = NO;
				DEBUG_INFORMATION_FORMAT = "dwarf-with-dsym";
				ENABLE_NS_ASSERTIONS = NO;
				ENABLE_STRICT_OBJC_MSGSEND = YES;
				GCC_C_LANGUAGE_STANDARD = gnu11;
				GCC_NO_COMMON_BLOCKS = YES;
				GCC_WARN_64_TO_32_BIT_CONVERSION = YES;
				GCC_WARN_ABOUT_RETURN_TYPE = YES_ERROR;
				GCC_WARN_UNDECLARED_SELECTOR = YES;
				GCC_WARN_UNINITIALIZED_AUTOS = YES_AGGRESSIVE;
				GCC_WARN_UNUSED_FUNCTION = YES;
				GCC_WARN_UNUSED_VARIABLE = YES;
				IPHONEOS_DEPLOYMENT_TARGET = 16.4;
				MTL_ENABLE_DEBUG_INFO = NO;
				MTL_FAST_MATH = YES;
				SDKROOT = iphoneos;
				SWIFT_COMPILATION_MODE = wholemodule;
				SWIFT_OPTIMIZATION_LEVEL = "-O";
				SWIFT_STRICT_CONCURRENCY = minimal;
				VALIDATE_PRODUCT = YES;
			};
			name = Release;
		};
		F5405BFB2A96F349002FA0C9 /* Debug */ = {
			isa = XCBuildConfiguration;
			buildSettings = {
				ASSETCATALOG_COMPILER_APPICON_NAME = AppIcon;
				ASSETCATALOG_COMPILER_GLOBAL_ACCENT_COLOR_NAME = AccentColor;
				CODE_SIGN_STYLE = Automatic;
				CURRENT_PROJECT_VERSION = 1;
				DEVELOPMENT_ASSET_PATHS = "\"RelNet/App/Preview Content\"";
				DEVELOPMENT_TEAM = EAZT2D654U;
				ENABLE_PREVIEWS = YES;
				GENERATE_INFOPLIST_FILE = YES;
				INFOPLIST_FILE = RelNet/App/Info.plist;
				INFOPLIST_KEY_UIApplicationSceneManifest_Generation = YES;
				INFOPLIST_KEY_UIApplicationSupportsIndirectInputEvents = YES;
				INFOPLIST_KEY_UILaunchScreen_Generation = YES;
				INFOPLIST_KEY_UISupportedInterfaceOrientations_iPad = "UIInterfaceOrientationPortrait UIInterfaceOrientationPortraitUpsideDown UIInterfaceOrientationLandscapeLeft UIInterfaceOrientationLandscapeRight";
				INFOPLIST_KEY_UISupportedInterfaceOrientations_iPhone = "UIInterfaceOrientationPortrait UIInterfaceOrientationLandscapeLeft UIInterfaceOrientationLandscapeRight";
				LD_RUNPATH_SEARCH_PATHS = (
					"$(inherited)",
					"@executable_path/Frameworks",
				);
				MARKETING_VERSION = 1.0;
				PRODUCT_BUNDLE_IDENTIFIER = com.yyokii.RelNet;
				PRODUCT_NAME = "$(TARGET_NAME)";
				SUPPORTED_PLATFORMS = "iphoneos iphonesimulator";
				SUPPORTS_MACCATALYST = NO;
				SUPPORTS_MAC_DESIGNED_FOR_IPHONE_IPAD = NO;
				SWIFT_EMIT_LOC_STRINGS = YES;
				SWIFT_STRICT_CONCURRENCY = minimal;
				SWIFT_VERSION = 5.0;
				TARGETED_DEVICE_FAMILY = "1,2";
			};
			name = Debug;
		};
		F5405BFC2A96F349002FA0C9 /* Release */ = {
			isa = XCBuildConfiguration;
			buildSettings = {
				ASSETCATALOG_COMPILER_APPICON_NAME = AppIcon;
				ASSETCATALOG_COMPILER_GLOBAL_ACCENT_COLOR_NAME = AccentColor;
				CODE_SIGN_STYLE = Automatic;
				CURRENT_PROJECT_VERSION = 1;
				DEVELOPMENT_ASSET_PATHS = "\"RelNet/App/Preview Content\"";
				DEVELOPMENT_TEAM = EAZT2D654U;
				ENABLE_PREVIEWS = YES;
				GENERATE_INFOPLIST_FILE = YES;
				INFOPLIST_FILE = RelNet/App/Info.plist;
				INFOPLIST_KEY_UIApplicationSceneManifest_Generation = YES;
				INFOPLIST_KEY_UIApplicationSupportsIndirectInputEvents = YES;
				INFOPLIST_KEY_UILaunchScreen_Generation = YES;
				INFOPLIST_KEY_UISupportedInterfaceOrientations_iPad = "UIInterfaceOrientationPortrait UIInterfaceOrientationPortraitUpsideDown UIInterfaceOrientationLandscapeLeft UIInterfaceOrientationLandscapeRight";
				INFOPLIST_KEY_UISupportedInterfaceOrientations_iPhone = "UIInterfaceOrientationPortrait UIInterfaceOrientationLandscapeLeft UIInterfaceOrientationLandscapeRight";
				LD_RUNPATH_SEARCH_PATHS = (
					"$(inherited)",
					"@executable_path/Frameworks",
				);
				MARKETING_VERSION = 1.0;
				PRODUCT_BUNDLE_IDENTIFIER = com.yyokii.RelNet;
				PRODUCT_NAME = "$(TARGET_NAME)";
				SUPPORTED_PLATFORMS = "iphoneos iphonesimulator";
				SUPPORTS_MACCATALYST = NO;
				SUPPORTS_MAC_DESIGNED_FOR_IPHONE_IPAD = NO;
				SWIFT_EMIT_LOC_STRINGS = YES;
				SWIFT_STRICT_CONCURRENCY = minimal;
				SWIFT_VERSION = 5.0;
				TARGETED_DEVICE_FAMILY = "1,2";
			};
			name = Release;
		};
		F5405BFE2A96F349002FA0C9 /* Debug */ = {
			isa = XCBuildConfiguration;
			buildSettings = {
				ALWAYS_EMBED_SWIFT_STANDARD_LIBRARIES = YES;
				BUNDLE_LOADER = "$(TEST_HOST)";
				CODE_SIGN_STYLE = Automatic;
				CURRENT_PROJECT_VERSION = 1;
				DEVELOPMENT_TEAM = EAZT2D654U;
				GENERATE_INFOPLIST_FILE = YES;
				IPHONEOS_DEPLOYMENT_TARGET = 16.4;
				MARKETING_VERSION = 1.0;
				PRODUCT_BUNDLE_IDENTIFIER = com.yyokii.RelNetTests;
				PRODUCT_NAME = "$(TARGET_NAME)";
				SWIFT_EMIT_LOC_STRINGS = NO;
				SWIFT_VERSION = 5.0;
				TARGETED_DEVICE_FAMILY = "1,2";
				TEST_HOST = "$(BUILT_PRODUCTS_DIR)/RelNet.app/$(BUNDLE_EXECUTABLE_FOLDER_PATH)/RelNet";
			};
			name = Debug;
		};
		F5405BFF2A96F349002FA0C9 /* Release */ = {
			isa = XCBuildConfiguration;
			buildSettings = {
				ALWAYS_EMBED_SWIFT_STANDARD_LIBRARIES = YES;
				BUNDLE_LOADER = "$(TEST_HOST)";
				CODE_SIGN_STYLE = Automatic;
				CURRENT_PROJECT_VERSION = 1;
				DEVELOPMENT_TEAM = EAZT2D654U;
				GENERATE_INFOPLIST_FILE = YES;
				IPHONEOS_DEPLOYMENT_TARGET = 16.4;
				MARKETING_VERSION = 1.0;
				PRODUCT_BUNDLE_IDENTIFIER = com.yyokii.RelNetTests;
				PRODUCT_NAME = "$(TARGET_NAME)";
				SWIFT_EMIT_LOC_STRINGS = NO;
				SWIFT_VERSION = 5.0;
				TARGETED_DEVICE_FAMILY = "1,2";
				TEST_HOST = "$(BUILT_PRODUCTS_DIR)/RelNet.app/$(BUNDLE_EXECUTABLE_FOLDER_PATH)/RelNet";
			};
			name = Release;
		};
		F5405C012A96F349002FA0C9 /* Debug */ = {
			isa = XCBuildConfiguration;
			buildSettings = {
				ALWAYS_EMBED_SWIFT_STANDARD_LIBRARIES = YES;
				CODE_SIGN_STYLE = Automatic;
				CURRENT_PROJECT_VERSION = 1;
				DEVELOPMENT_TEAM = EAZT2D654U;
				GENERATE_INFOPLIST_FILE = YES;
				MARKETING_VERSION = 1.0;
				PRODUCT_BUNDLE_IDENTIFIER = com.yyokii.RelNetUITests;
				PRODUCT_NAME = "$(TARGET_NAME)";
				SWIFT_EMIT_LOC_STRINGS = NO;
				SWIFT_VERSION = 5.0;
				TARGETED_DEVICE_FAMILY = "1,2";
				TEST_TARGET_NAME = RelNet;
			};
			name = Debug;
		};
		F5405C022A96F349002FA0C9 /* Release */ = {
			isa = XCBuildConfiguration;
			buildSettings = {
				ALWAYS_EMBED_SWIFT_STANDARD_LIBRARIES = YES;
				CODE_SIGN_STYLE = Automatic;
				CURRENT_PROJECT_VERSION = 1;
				DEVELOPMENT_TEAM = EAZT2D654U;
				GENERATE_INFOPLIST_FILE = YES;
				MARKETING_VERSION = 1.0;
				PRODUCT_BUNDLE_IDENTIFIER = com.yyokii.RelNetUITests;
				PRODUCT_NAME = "$(TARGET_NAME)";
				SWIFT_EMIT_LOC_STRINGS = NO;
				SWIFT_VERSION = 5.0;
				TARGETED_DEVICE_FAMILY = "1,2";
				TEST_TARGET_NAME = RelNet;
			};
			name = Release;
		};
/* End XCBuildConfiguration section */

/* Begin XCConfigurationList section */
		F5405BD12A96F347002FA0C9 /* Build configuration list for PBXProject "RelNet" */ = {
			isa = XCConfigurationList;
			buildConfigurations = (
				F5405BF82A96F349002FA0C9 /* Debug */,
				F5405BF92A96F349002FA0C9 /* Release */,
			);
			defaultConfigurationIsVisible = 0;
			defaultConfigurationName = Release;
		};
		F5405BFA2A96F349002FA0C9 /* Build configuration list for PBXNativeTarget "RelNet" */ = {
			isa = XCConfigurationList;
			buildConfigurations = (
				F5405BFB2A96F349002FA0C9 /* Debug */,
				F5405BFC2A96F349002FA0C9 /* Release */,
			);
			defaultConfigurationIsVisible = 0;
			defaultConfigurationName = Release;
		};
		F5405BFD2A96F349002FA0C9 /* Build configuration list for PBXNativeTarget "RelNetTests" */ = {
			isa = XCConfigurationList;
			buildConfigurations = (
				F5405BFE2A96F349002FA0C9 /* Debug */,
				F5405BFF2A96F349002FA0C9 /* Release */,
			);
			defaultConfigurationIsVisible = 0;
			defaultConfigurationName = Release;
		};
		F5405C002A96F349002FA0C9 /* Build configuration list for PBXNativeTarget "RelNetUITests" */ = {
			isa = XCConfigurationList;
			buildConfigurations = (
				F5405C012A96F349002FA0C9 /* Debug */,
				F5405C022A96F349002FA0C9 /* Release */,
			);
			defaultConfigurationIsVisible = 0;
			defaultConfigurationName = Release;
		};
/* End XCConfigurationList section */

/* Begin XCRemoteSwiftPackageReference section */
		F5405C052A96FC38002FA0C9 /* XCRemoteSwiftPackageReference "firebase-ios-sdk" */ = {
			isa = XCRemoteSwiftPackageReference;
			repositoryURL = "https://github.com/firebase/firebase-ios-sdk";
			requirement = {
				kind = upToNextMajorVersion;
				minimumVersion = 10.0.0;
			};
		};
		F5405C1A2A9707C4002FA0C9 /* XCRemoteSwiftPackageReference "swift-composable-architecture" */ = {
			isa = XCRemoteSwiftPackageReference;
			repositoryURL = "https://github.com/pointfreeco/swift-composable-architecture";
			requirement = {
				kind = upToNextMajorVersion;
				minimumVersion = 1.0.0;
			};
		};
		F5418A8B2A9AEE3900511A67 /* XCRemoteSwiftPackageReference "swiftui-navigation" */ = {
			isa = XCRemoteSwiftPackageReference;
			repositoryURL = "https://github.com/pointfreeco/swiftui-navigation";
			requirement = {
				kind = upToNextMajorVersion;
				minimumVersion = 1.0.0;
			};
		};
		F5DC3BA52AA71894005528F9 /* XCRemoteSwiftPackageReference "GoogleSignIn-iOS" */ = {
			isa = XCRemoteSwiftPackageReference;
			repositoryURL = "https://github.com/google/GoogleSignIn-iOS";
			requirement = {
				kind = upToNextMajorVersion;
				minimumVersion = 7.0.0;
			};
		};
/* End XCRemoteSwiftPackageReference section */

/* Begin XCSwiftPackageProductDependency section */
		F5405C062A96FC38002FA0C9 /* FirebaseAnalytics */ = {
			isa = XCSwiftPackageProductDependency;
			package = F5405C052A96FC38002FA0C9 /* XCRemoteSwiftPackageReference "firebase-ios-sdk" */;
			productName = FirebaseAnalytics;
		};
		F5405C082A96FC38002FA0C9 /* FirebaseAuth */ = {
			isa = XCSwiftPackageProductDependency;
			package = F5405C052A96FC38002FA0C9 /* XCRemoteSwiftPackageReference "firebase-ios-sdk" */;
			productName = FirebaseAuth;
		};
		F5405C0A2A96FC38002FA0C9 /* FirebaseCrashlytics */ = {
			isa = XCSwiftPackageProductDependency;
			package = F5405C052A96FC38002FA0C9 /* XCRemoteSwiftPackageReference "firebase-ios-sdk" */;
			productName = FirebaseCrashlytics;
		};
		F5405C0C2A96FC38002FA0C9 /* FirebaseFirestore */ = {
			isa = XCSwiftPackageProductDependency;
			package = F5405C052A96FC38002FA0C9 /* XCRemoteSwiftPackageReference "firebase-ios-sdk" */;
			productName = FirebaseFirestore;
		};
		F5405C0E2A96FC38002FA0C9 /* FirebaseFirestoreSwift */ = {
			isa = XCSwiftPackageProductDependency;
			package = F5405C052A96FC38002FA0C9 /* XCRemoteSwiftPackageReference "firebase-ios-sdk" */;
			productName = FirebaseFirestoreSwift;
		};
		F5405C1B2A9707C4002FA0C9 /* ComposableArchitecture */ = {
			isa = XCSwiftPackageProductDependency;
			package = F5405C1A2A9707C4002FA0C9 /* XCRemoteSwiftPackageReference "swift-composable-architecture" */;
			productName = ComposableArchitecture;
		};
		F5418A8C2A9AEE3900511A67 /* SwiftUINavigation */ = {
			isa = XCSwiftPackageProductDependency;
			package = F5418A8B2A9AEE3900511A67 /* XCRemoteSwiftPackageReference "swiftui-navigation" */;
			productName = SwiftUINavigation;
		};
		F5DC3BA62AA71894005528F9 /* GoogleSignIn */ = {
			isa = XCSwiftPackageProductDependency;
			package = F5DC3BA52AA71894005528F9 /* XCRemoteSwiftPackageReference "GoogleSignIn-iOS" */;
			productName = GoogleSignIn;
		};
		F5DC3BA82AA71894005528F9 /* GoogleSignInSwift */ = {
			isa = XCSwiftPackageProductDependency;
			package = F5DC3BA52AA71894005528F9 /* XCRemoteSwiftPackageReference "GoogleSignIn-iOS" */;
			productName = GoogleSignInSwift;
		};
/* End XCSwiftPackageProductDependency section */
	};
	rootObject = F5405BCE2A96F347002FA0C9 /* Project object */;
}
